
Microsoft Visual Studio Solution File, Format Version 12.00
# Visual Studio Version 16
VisualStudioVersion = 16.0.31205.134
MinimumVisualStudioVersion = 10.0.40219.1
Project("{9A19103F-16F7-4668-BE54-9A1E7A4F7556}") = "Homework1Part1", "Homework1Part1\Homework1Part1.csproj", "{5A5F2403-5210-4DF2-927E-3604A62F3D75}"
EndProject
Project("{9A19103F-16F7-4668-BE54-9A1E7A4F7556}") = "Homework1Part2", "Homework1Part2\Homework1Part2.csproj", "{15CD996D-762D-4C2B-8DD1-6E67E676E9F4}"
EndProject
Project("{9A19103F-16F7-4668-BE54-9A1E7A4F7556}") = "Week2Lab1", "Week2Lab1\Week2Lab1.csproj", "{1A92F4E2-C3E3-4C66-BBD2-46F9E356C21C}"
EndProject
Project("{9A19103F-16F7-4668-BE54-9A1E7A4F7556}") = "Week2Lab2", "Week2Lab2\Week2Lab2.csproj", "{6C892C79-5A18-4B37-96EB-DC79FF4080B8}"
EndProject
Project("{9A19103F-16F7-4668-BE54-9A1E7A4F7556}") = "Homework2Part1", "Homework2Part1\Homework2Part1.csproj", "{C96C12A8-3C7B-4EF7-98A3-A30039717BDA}"
EndProject
Project("{9A19103F-16F7-4668-BE54-9A1E7A4F7556}") = "Homework2Part2", "Homework2Part2\Homework2Part2.csproj", "{7F706DFD-B18C-4A8A-B900-53E1681DDF85}"
EndProject
Project("{FAE04EC0-301F-11D3-BF4B-00C04F79EFBC}") = "Week4Lab1", "Week4Lab1\Week4Lab1.csproj", "{F33D22CF-D2A0-4AA3-8B40-405ECC43C51B}"
EndProject
Project("{FAE04EC0-301F-11D3-BF4B-00C04F79EFBC}") = "HomeworkWeek4Part1", "WpfApp1\HomeworkWeek4Part1.csproj", "{B1E26E41-D043-44CD-B947-FDBAC2B842CA}"
EndProject
Project("{9A19103F-16F7-4668-BE54-9A1E7A4F7556}") = "HomeworkWeek4Part2", "HomeworkWeek4Part2\HomeworkWeek4Part2.csproj", "{6621E1A5-612F-4D5C-B50E-7C1E22996210}"
EndProject
Project("{9A19103F-16F7-4668-BE54-9A1E7A4F7556}") = "Week4Lab2", "Week4Lab2\Week4Lab2.csproj", "{FD2E04D4-EA90-485D-9DB7-591B326A1359}"
EndProject
Project("{FAE04EC0-301F-11D3-BF4B-00C04F79EFBC}") = "HomeworkWeek5Part1", "HomeworkWeek5Part1\HomeworkWeek5Part1.csproj", "{13595D93-210F-48F2-A65F-CF5798755EFD}"
EndProject
Project("{9A19103F-16F7-4668-BE54-9A1E7A4F7556}") = "HomeworkWeek5Part2", "HomeworkWeek5Part2\HomeworkWeek5Part2.csproj", "{FC225675-A618-435D-80F1-FA1177DA1706}"
EndProject
Project("{FAE04EC0-301F-11D3-BF4B-00C04F79EFBC}") = "Week5Lab", "Week5Lab\Week5Lab.csproj", "{18E0EEC6-FF26-44AA-980E-AC6064A281F4}"
EndProject
Project("{9A19103F-16F7-4668-BE54-9A1E7A4F7556}") = "HomeworkWeek6Part1", "HomeworkWeek6Part1\HomeworkWeek6Part1.csproj", "{A97C2BCF-CB35-42D3-BBF6-7C3CFF7F776C}"
EndProject
Project("{9A19103F-16F7-4668-BE54-9A1E7A4F7556}") = "HomeworkWeek6Part2", "HomeworkWeek6Part2\HomeworkWeek6Part2.csproj", "{ECB7A310-3824-40FC-9B04-A798357D5E7C}"
EndProject
Project("{9A19103F-16F7-4668-BE54-9A1E7A4F7556}") = "Week6Lab", "Week6Lab\Week6Lab.csproj", "{3B5F9619-5ED8-4228-A258-32532C376D54}"
EndProject
Project("{9A19103F-16F7-4668-BE54-9A1E7A4F7556}") = "HomeworkWeek7Part1", "HomeworkWeek7Part1\HomeworkWeek7Part1.csproj", "{B4A4D233-4270-456A-8933-82C8CE580B5D}"
EndProject
Project("{FAE04EC0-301F-11D3-BF4B-00C04F79EFBC}") = "Week7Lab", "Week7Lab\Week7Lab.csproj", "{919B2104-0794-4724-BDEE-0EF7682D3357}"
EndProject
Project("{9A19103F-16F7-4668-BE54-9A1E7A4F7556}") = "HomeworkWeek9Part1", "HomeworkWeek9Part1\HomeworkWeek9Part1.csproj", "{D79C93E2-C66D-4930-BC52-0145AC076C4E}"
EndProject
Project("{9A19103F-16F7-4668-BE54-9A1E7A4F7556}") = "HomeworkWeek9Part2", "HomeworkWeek9Part2\HomeworkWeek9Part2.csproj", "{CEB6E737-FA7A-427A-82B2-9C562EF91816}"
EndProject
Project("{9A19103F-16F7-4668-BE54-9A1E7A4F7556}") = "Week9Lab", "Week9Lab\Week9Lab.csproj", "{41E5CC34-6C69-4A8D-A4F0-4C3B9408D731}"
EndProject
Project("{9A19103F-16F7-4668-BE54-9A1E7A4F7556}") = "HomeworkWeek10", "HomeworkWeek10\HomeworkWeek10.csproj", "{AADCA7BD-211D-43B7-9001-AD97A406D927}"
EndProject
Project("{9A19103F-16F7-4668-BE54-9A1E7A4F7556}") = "Week10Lab", "Week10Lab\Week10Lab.csproj", "{39727F83-3EC5-4449-8139-375ACD274E37}"
EndProject
Project("{9A19103F-16F7-4668-BE54-9A1E7A4F7556}") = "HomeworkWeek11", "HomeworkWeek11\HomeworkWeek11.csproj", "{D61AE7C3-087C-4C0C-839A-1CFCF4B7A564}"
EndProject
Project("{9A19103F-16F7-4668-BE54-9A1E7A4F7556}") = "Week11Lab", "Week11Lab\Week11Lab.csproj", "{4388D175-518F-4A5F-85C9-4697CD761E88}"
EndProject
Project("{9A19103F-16F7-4668-BE54-9A1E7A4F7556}") = "HomeworkWeek12", "HomeworkWeek12\HomeworkWeek12.csproj", "{6E4EA4A8-BACB-40E0-B8A1-E3F8C5D82480}"
EndProject
Project("{9A19103F-16F7-4668-BE54-9A1E7A4F7556}") = "Week12Lab", "Week12Lab\Week12Lab.csproj", "{C40C8E22-09C6-4F8A-87B7-C4AC16C3D02E}"
EndProject
Project("{9A19103F-16F7-4668-BE54-9A1E7A4F7556}") = "HomeworkWeek13", "HomeworkWeek13\HomeworkWeek13.csproj", "{0DEF7E79-B276-4252-AA9B-917060F10A2A}"
EndProject
Project("{9A19103F-16F7-4668-BE54-9A1E7A4F7556}") = "Week13Lab", "Week13Lab\Week13Lab.csproj", "{7D9C14CC-0B73-40C1-88F2-83F9828C46C2}"
EndProject
Project("{FAE04EC0-301F-11D3-BF4B-00C04F79EFBC}") = "HomeworkWeek14", "HomeworkWeek14\HomeworkWeek14.csproj", "{8D933EC2-64AF-4884-9ABC-EA7720E2E192}"
EndProject
Project("{FAE04EC0-301F-11D3-BF4B-00C04F79EFBC}") = "Week14Lab", "Week14Lab\Week14Lab.csproj", "{2713EB0D-D938-4BDA-86A6-A87BDDC6D38E}"
EndProject
Global
	GlobalSection(SolutionConfigurationPlatforms) = preSolution
		Debug|Any CPU = Debug|Any CPU
		Release|Any CPU = Release|Any CPU
	EndGlobalSection
	GlobalSection(ProjectConfigurationPlatforms) = postSolution
		{5A5F2403-5210-4DF2-927E-3604A62F3D75}.Debug|Any CPU.ActiveCfg = Debug|Any CPU
		{5A5F2403-5210-4DF2-927E-3604A62F3D75}.Debug|Any CPU.Build.0 = Debug|Any CPU
		{5A5F2403-5210-4DF2-927E-3604A62F3D75}.Release|Any CPU.ActiveCfg = Release|Any CPU
		{5A5F2403-5210-4DF2-927E-3604A62F3D75}.Release|Any CPU.Build.0 = Release|Any CPU
		{15CD996D-762D-4C2B-8DD1-6E67E676E9F4}.Debug|Any CPU.ActiveCfg = Debug|Any CPU
		{15CD996D-762D-4C2B-8DD1-6E67E676E9F4}.Debug|Any CPU.Build.0 = Debug|Any CPU
		{15CD996D-762D-4C2B-8DD1-6E67E676E9F4}.Release|Any CPU.ActiveCfg = Release|Any CPU
		{15CD996D-762D-4C2B-8DD1-6E67E676E9F4}.Release|Any CPU.Build.0 = Release|Any CPU
		{1A92F4E2-C3E3-4C66-BBD2-46F9E356C21C}.Debug|Any CPU.ActiveCfg = Debug|Any CPU
		{1A92F4E2-C3E3-4C66-BBD2-46F9E356C21C}.Debug|Any CPU.Build.0 = Debug|Any CPU
		{1A92F4E2-C3E3-4C66-BBD2-46F9E356C21C}.Release|Any CPU.ActiveCfg = Release|Any CPU
		{1A92F4E2-C3E3-4C66-BBD2-46F9E356C21C}.Release|Any CPU.Build.0 = Release|Any CPU
		{6C892C79-5A18-4B37-96EB-DC79FF4080B8}.Debug|Any CPU.ActiveCfg = Debug|Any CPU
		{6C892C79-5A18-4B37-96EB-DC79FF4080B8}.Debug|Any CPU.Build.0 = Debug|Any CPU
		{6C892C79-5A18-4B37-96EB-DC79FF4080B8}.Release|Any CPU.ActiveCfg = Release|Any CPU
		{6C892C79-5A18-4B37-96EB-DC79FF4080B8}.Release|Any CPU.Build.0 = Release|Any CPU
		{C96C12A8-3C7B-4EF7-98A3-A30039717BDA}.Debug|Any CPU.ActiveCfg = Debug|Any CPU
		{C96C12A8-3C7B-4EF7-98A3-A30039717BDA}.Debug|Any CPU.Build.0 = Debug|Any CPU
		{C96C12A8-3C7B-4EF7-98A3-A30039717BDA}.Release|Any CPU.ActiveCfg = Release|Any CPU
		{C96C12A8-3C7B-4EF7-98A3-A30039717BDA}.Release|Any CPU.Build.0 = Release|Any CPU
		{7F706DFD-B18C-4A8A-B900-53E1681DDF85}.Debug|Any CPU.ActiveCfg = Debug|Any CPU
		{7F706DFD-B18C-4A8A-B900-53E1681DDF85}.Debug|Any CPU.Build.0 = Debug|Any CPU
		{7F706DFD-B18C-4A8A-B900-53E1681DDF85}.Release|Any CPU.ActiveCfg = Release|Any CPU
		{7F706DFD-B18C-4A8A-B900-53E1681DDF85}.Release|Any CPU.Build.0 = Release|Any CPU
		{F33D22CF-D2A0-4AA3-8B40-405ECC43C51B}.Debug|Any CPU.ActiveCfg = Debug|Any CPU
		{F33D22CF-D2A0-4AA3-8B40-405ECC43C51B}.Debug|Any CPU.Build.0 = Debug|Any CPU
		{F33D22CF-D2A0-4AA3-8B40-405ECC43C51B}.Release|Any CPU.ActiveCfg = Release|Any CPU
		{F33D22CF-D2A0-4AA3-8B40-405ECC43C51B}.Release|Any CPU.Build.0 = Release|Any CPU
		{B1E26E41-D043-44CD-B947-FDBAC2B842CA}.Debug|Any CPU.ActiveCfg = Debug|Any CPU
		{B1E26E41-D043-44CD-B947-FDBAC2B842CA}.Debug|Any CPU.Build.0 = Debug|Any CPU
		{B1E26E41-D043-44CD-B947-FDBAC2B842CA}.Release|Any CPU.ActiveCfg = Release|Any CPU
		{B1E26E41-D043-44CD-B947-FDBAC2B842CA}.Release|Any CPU.Build.0 = Release|Any CPU
		{6621E1A5-612F-4D5C-B50E-7C1E22996210}.Debug|Any CPU.ActiveCfg = Debug|Any CPU
		{6621E1A5-612F-4D5C-B50E-7C1E22996210}.Debug|Any CPU.Build.0 = Debug|Any CPU
		{6621E1A5-612F-4D5C-B50E-7C1E22996210}.Release|Any CPU.ActiveCfg = Release|Any CPU
		{6621E1A5-612F-4D5C-B50E-7C1E22996210}.Release|Any CPU.Build.0 = Release|Any CPU
		{FD2E04D4-EA90-485D-9DB7-591B326A1359}.Debug|Any CPU.ActiveCfg = Debug|Any CPU
		{FD2E04D4-EA90-485D-9DB7-591B326A1359}.Debug|Any CPU.Build.0 = Debug|Any CPU
		{FD2E04D4-EA90-485D-9DB7-591B326A1359}.Release|Any CPU.ActiveCfg = Release|Any CPU
		{FD2E04D4-EA90-485D-9DB7-591B326A1359}.Release|Any CPU.Build.0 = Release|Any CPU
		{13595D93-210F-48F2-A65F-CF5798755EFD}.Debug|Any CPU.ActiveCfg = Debug|Any CPU
		{13595D93-210F-48F2-A65F-CF5798755EFD}.Debug|Any CPU.Build.0 = Debug|Any CPU
		{13595D93-210F-48F2-A65F-CF5798755EFD}.Release|Any CPU.ActiveCfg = Release|Any CPU
		{13595D93-210F-48F2-A65F-CF5798755EFD}.Release|Any CPU.Build.0 = Release|Any CPU
		{FC225675-A618-435D-80F1-FA1177DA1706}.Debug|Any CPU.ActiveCfg = Debug|Any CPU
		{FC225675-A618-435D-80F1-FA1177DA1706}.Debug|Any CPU.Build.0 = Debug|Any CPU
		{FC225675-A618-435D-80F1-FA1177DA1706}.Release|Any CPU.ActiveCfg = Release|Any CPU
		{FC225675-A618-435D-80F1-FA1177DA1706}.Release|Any CPU.Build.0 = Release|Any CPU
		{18E0EEC6-FF26-44AA-980E-AC6064A281F4}.Debug|Any CPU.ActiveCfg = Debug|Any CPU
		{18E0EEC6-FF26-44AA-980E-AC6064A281F4}.Debug|Any CPU.Build.0 = Debug|Any CPU
		{18E0EEC6-FF26-44AA-980E-AC6064A281F4}.Release|Any CPU.ActiveCfg = Release|Any CPU
		{18E0EEC6-FF26-44AA-980E-AC6064A281F4}.Release|Any CPU.Build.0 = Release|Any CPU
		{A97C2BCF-CB35-42D3-BBF6-7C3CFF7F776C}.Debug|Any CPU.ActiveCfg = Debug|Any CPU
		{A97C2BCF-CB35-42D3-BBF6-7C3CFF7F776C}.Debug|Any CPU.Build.0 = Debug|Any CPU
		{A97C2BCF-CB35-42D3-BBF6-7C3CFF7F776C}.Release|Any CPU.ActiveCfg = Release|Any CPU
		{A97C2BCF-CB35-42D3-BBF6-7C3CFF7F776C}.Release|Any CPU.Build.0 = Release|Any CPU
		{ECB7A310-3824-40FC-9B04-A798357D5E7C}.Debug|Any CPU.ActiveCfg = Debug|Any CPU
		{ECB7A310-3824-40FC-9B04-A798357D5E7C}.Debug|Any CPU.Build.0 = Debug|Any CPU
		{ECB7A310-3824-40FC-9B04-A798357D5E7C}.Release|Any CPU.ActiveCfg = Release|Any CPU
		{ECB7A310-3824-40FC-9B04-A798357D5E7C}.Release|Any CPU.Build.0 = Release|Any CPU
		{3B5F9619-5ED8-4228-A258-32532C376D54}.Debug|Any CPU.ActiveCfg = Debug|Any CPU
		{3B5F9619-5ED8-4228-A258-32532C376D54}.Debug|Any CPU.Build.0 = Debug|Any CPU
		{3B5F9619-5ED8-4228-A258-32532C376D54}.Release|Any CPU.ActiveCfg = Release|Any CPU
		{3B5F9619-5ED8-4228-A258-32532C376D54}.Release|Any CPU.Build.0 = Release|Any CPU
		{B4A4D233-4270-456A-8933-82C8CE580B5D}.Debug|Any CPU.ActiveCfg = Debug|Any CPU
		{B4A4D233-4270-456A-8933-82C8CE580B5D}.Debug|Any CPU.Build.0 = Debug|Any CPU
		{B4A4D233-4270-456A-8933-82C8CE580B5D}.Release|Any CPU.ActiveCfg = Release|Any CPU
		{B4A4D233-4270-456A-8933-82C8CE580B5D}.Release|Any CPU.Build.0 = Release|Any CPU
		{919B2104-0794-4724-BDEE-0EF7682D3357}.Debug|Any CPU.ActiveCfg = Debug|Any CPU
		{919B2104-0794-4724-BDEE-0EF7682D3357}.Debug|Any CPU.Build.0 = Debug|Any CPU
		{919B2104-0794-4724-BDEE-0EF7682D3357}.Release|Any CPU.ActiveCfg = Release|Any CPU
		{919B2104-0794-4724-BDEE-0EF7682D3357}.Release|Any CPU.Build.0 = Release|Any CPU
		{D79C93E2-C66D-4930-BC52-0145AC076C4E}.Debug|Any CPU.ActiveCfg = Debug|Any CPU
		{D79C93E2-C66D-4930-BC52-0145AC076C4E}.Debug|Any CPU.Build.0 = Debug|Any CPU
		{D79C93E2-C66D-4930-BC52-0145AC076C4E}.Release|Any CPU.ActiveCfg = Release|Any CPU
		{D79C93E2-C66D-4930-BC52-0145AC076C4E}.Release|Any CPU.Build.0 = Release|Any CPU
		{CEB6E737-FA7A-427A-82B2-9C562EF91816}.Debug|Any CPU.ActiveCfg = Debug|Any CPU
		{CEB6E737-FA7A-427A-82B2-9C562EF91816}.Debug|Any CPU.Build.0 = Debug|Any CPU
		{CEB6E737-FA7A-427A-82B2-9C562EF91816}.Release|Any CPU.ActiveCfg = Release|Any CPU
		{CEB6E737-FA7A-427A-82B2-9C562EF91816}.Release|Any CPU.Build.0 = Release|Any CPU
		{41E5CC34-6C69-4A8D-A4F0-4C3B9408D731}.Debug|Any CPU.ActiveCfg = Debug|Any CPU
		{41E5CC34-6C69-4A8D-A4F0-4C3B9408D731}.Debug|Any CPU.Build.0 = Debug|Any CPU
		{41E5CC34-6C69-4A8D-A4F0-4C3B9408D731}.Release|Any CPU.ActiveCfg = Release|Any CPU
		{41E5CC34-6C69-4A8D-A4F0-4C3B9408D731}.Release|Any CPU.Build.0 = Release|Any CPU
		{AADCA7BD-211D-43B7-9001-AD97A406D927}.Debug|Any CPU.ActiveCfg = Debug|Any CPU
		{AADCA7BD-211D-43B7-9001-AD97A406D927}.Debug|Any CPU.Build.0 = Debug|Any CPU
		{AADCA7BD-211D-43B7-9001-AD97A406D927}.Release|Any CPU.ActiveCfg = Release|Any CPU
		{AADCA7BD-211D-43B7-9001-AD97A406D927}.Release|Any CPU.Build.0 = Release|Any CPU
		{39727F83-3EC5-4449-8139-375ACD274E37}.Debug|Any CPU.ActiveCfg = Debug|Any CPU
		{39727F83-3EC5-4449-8139-375ACD274E37}.Debug|Any CPU.Build.0 = Debug|Any CPU
		{39727F83-3EC5-4449-8139-375ACD274E37}.Release|Any CPU.ActiveCfg = Release|Any CPU
		{39727F83-3EC5-4449-8139-375ACD274E37}.Release|Any CPU.Build.0 = Release|Any CPU
		{D61AE7C3-087C-4C0C-839A-1CFCF4B7A564}.Debug|Any CPU.ActiveCfg = Debug|Any CPU
		{D61AE7C3-087C-4C0C-839A-1CFCF4B7A564}.Debug|Any CPU.Build.0 = Debug|Any CPU
		{D61AE7C3-087C-4C0C-839A-1CFCF4B7A564}.Release|Any CPU.ActiveCfg = Release|Any CPU
		{D61AE7C3-087C-4C0C-839A-1CFCF4B7A564}.Release|Any CPU.Build.0 = Release|Any CPU
		{4388D175-518F-4A5F-85C9-4697CD761E88}.Debug|Any CPU.ActiveCfg = Debug|Any CPU
		{4388D175-518F-4A5F-85C9-4697CD761E88}.Debug|Any CPU.Build.0 = Debug|Any CPU
		{4388D175-518F-4A5F-85C9-4697CD761E88}.Release|Any CPU.ActiveCfg = Release|Any CPU
		{4388D175-518F-4A5F-85C9-4697CD761E88}.Release|Any CPU.Build.0 = Release|Any CPU
		{6E4EA4A8-BACB-40E0-B8A1-E3F8C5D82480}.Debug|Any CPU.ActiveCfg = Debug|Any CPU
		{6E4EA4A8-BACB-40E0-B8A1-E3F8C5D82480}.Debug|Any CPU.Build.0 = Debug|Any CPU
		{6E4EA4A8-BACB-40E0-B8A1-E3F8C5D82480}.Release|Any CPU.ActiveCfg = Release|Any CPU
		{6E4EA4A8-BACB-40E0-B8A1-E3F8C5D82480}.Release|Any CPU.Build.0 = Release|Any CPU
		{C40C8E22-09C6-4F8A-87B7-C4AC16C3D02E}.Debug|Any CPU.ActiveCfg = Debug|Any CPU
		{C40C8E22-09C6-4F8A-87B7-C4AC16C3D02E}.Debug|Any CPU.Build.0 = Debug|Any CPU
		{C40C8E22-09C6-4F8A-87B7-C4AC16C3D02E}.Release|Any CPU.ActiveCfg = Release|Any CPU
		{C40C8E22-09C6-4F8A-87B7-C4AC16C3D02E}.Release|Any CPU.Build.0 = Release|Any CPU
		{0DEF7E79-B276-4252-AA9B-917060F10A2A}.Debug|Any CPU.ActiveCfg = Debug|Any CPU
		{0DEF7E79-B276-4252-AA9B-917060F10A2A}.Debug|Any CPU.Build.0 = Debug|Any CPU
		{0DEF7E79-B276-4252-AA9B-917060F10A2A}.Release|Any CPU.ActiveCfg = Release|Any CPU
		{0DEF7E79-B276-4252-AA9B-917060F10A2A}.Release|Any CPU.Build.0 = Release|Any CPU
		{7D9C14CC-0B73-40C1-88F2-83F9828C46C2}.Debug|Any CPU.ActiveCfg = Debug|Any CPU
		{7D9C14CC-0B73-40C1-88F2-83F9828C46C2}.Debug|Any CPU.Build.0 = Debug|Any CPU
		{7D9C14CC-0B73-40C1-88F2-83F9828C46C2}.Release|Any CPU.ActiveCfg = Release|Any CPU
		{7D9C14CC-0B73-40C1-88F2-83F9828C46C2}.Release|Any CPU.Build.0 = Release|Any CPU
		{8D933EC2-64AF-4884-9ABC-EA7720E2E192}.Debug|Any CPU.ActiveCfg = Debug|Any CPU
		{8D933EC2-64AF-4884-9ABC-EA7720E2E192}.Debug|Any CPU.Build.0 = Debug|Any CPU
		{8D933EC2-64AF-4884-9ABC-EA7720E2E192}.Release|Any CPU.ActiveCfg = Release|Any CPU
		{8D933EC2-64AF-4884-9ABC-EA7720E2E192}.Release|Any CPU.Build.0 = Release|Any CPU
		{2713EB0D-D938-4BDA-86A6-A87BDDC6D38E}.Debug|Any CPU.ActiveCfg = Debug|Any CPU
		{2713EB0D-D938-4BDA-86A6-A87BDDC6D38E}.Debug|Any CPU.Build.0 = Debug|Any CPU
		{2713EB0D-D938-4BDA-86A6-A87BDDC6D38E}.Release|Any CPU.ActiveCfg = Release|Any CPU
		{2713EB0D-D938-4BDA-86A6-A87BDDC6D38E}.Release|Any CPU.Build.0 = Release|Any CPU
	EndGlobalSection
	GlobalSection(SolutionProperties) = preSolution
		HideSolutionNode = FALSE
	EndGlobalSection
	GlobalSection(ExtensibilityGlobals) = postSolution
		SolutionGuid = {3B7C58B1-C5C7-4C0A-AC8A-135CB8632925}
	EndGlobalSection
EndGlobal
